
Microsoft Visual Studio Solution File, Format Version 12.00
Project("{FAE04EC0-301F-11D3-BF4B-00C04F79EFBC}") = "AoC.Helpers", "AoC.Helpers\AoC.Helpers.csproj", "{C671F206-4A87-47EB-B42D-58F749FCF254}"
EndProject
Project("{FAE04EC0-301F-11D3-BF4B-00C04F79EFBC}") = "AoC.Year2025", "AoC.Year2025\AoC.Year2025.csproj", "{BEE1EB68-57CE-4045-8550-48F70C6B2F31}"
EndProject
Global
	GlobalSection(SolutionConfigurationPlatforms) = preSolution
		Debug|Any CPU = Debug|Any CPU
		Release|Any CPU = Release|Any CPU
	EndGlobalSection
	GlobalSection(ProjectConfigurationPlatforms) = postSolution
		{C671F206-4A87-47EB-B42D-58F749FCF254}.Debug|Any CPU.ActiveCfg = Debug|Any CPU
		{C671F206-4A87-47EB-B42D-58F749FCF254}.Debug|Any CPU.Build.0 = Debug|Any CPU
		{C671F206-4A87-47EB-B42D-58F749FCF254}.Release|Any CPU.ActiveCfg = Release|Any CPU
		{C671F206-4A87-47EB-B42D-58F749FCF254}.Release|Any CPU.Build.0 = Release|Any CPU
		{BEE1EB68-57CE-4045-8550-48F70C6B2F31}.Debug|Any CPU.ActiveCfg = Debug|Any CPU
		{BEE1EB68-57CE-4045-8550-48F70C6B2F31}.Debug|Any CPU.Build.0 = Debug|Any CPU
		{BEE1EB68-57CE-4045-8550-48F70C6B2F31}.Release|Any CPU.ActiveCfg = Release|Any CPU
		{BEE1EB68-57CE-4045-8550-48F70C6B2F31}.Release|Any CPU.Build.0 = Release|Any CPU
	EndGlobalSection
EndGlobal
